<?xml version="1.0" encoding="utf-8"?>
<Project ToolsVersion="4.0" xmlns="http://schemas.microsoft.com/developer/msbuild/2003">
  <ItemGroup>
    <Filter Include="Shared">
      <UniqueIdentifier>{73898f16-a14a-4656-922a-930be94f1f58}</UniqueIdentifier>
    </Filter>
    <Filter Include="Windows">
      <UniqueIdentifier>{590f56af-7bf7-47e0-85a8-3db5c502b8b8}</UniqueIdentifier>
    </Filter>
  </ItemGroup>
  <ItemGroup>
    <ClCompile Include="..\shared\src\libz\adler32.c">
      <Filter>Shared</Filter>
    </ClCompile>
    <ClCompile Include="..\shared\src\libz\compress.c">
      <Filter>Shared</Filter>
    </ClCompile>
    <ClCompile Include="..\shared\src\libz\crc32.c">
      <Filter>Shared</Filter>
    </ClCompile>
    <ClCompile Include="..\shared\src\libz\deflate.c">
      <Filter>Shared</Filter>
    </ClCompile>
    <ClCompile Include="..\shared\src\libz\infback.c">
      <Filter>Shared</Filter>
    </ClCompile>
    <ClCompile Include="..\shared\src\libz\inffast.c">
      <Filter>Shared</Filter>
    </ClCompile>
    <ClCompile Include="..\shared\src\libz\inflate.c">
      <Filter>Shared</Filter>
    </ClCompile>
    <ClCompile Include="..\shared\src\libz\inftrees.c">
      <Filter>Shared</Filter>
    </ClCompile>
    <ClCompile Include="..\shared\src\libz\trees.c">
      <Filter>Shared</Filter>
    </ClCompile>
    <ClCompile Include="..\shared\src\libz\uncompr.c">
      <Filter>Shared</Filter>
    </ClCompile>
    <ClCompile Include="..\shared\src\libz\zutil.c">
      <Filter>Shared</Filter>
    </ClCompile>
    <ClCompile Include="..\shared\src\libz\gzwrite.c">
      <Filter>Shared</Filter>
    </ClCompile>
    <ClCompile Include="..\shared\src\libz\gzclose.c">
      <Filter>Shared</Filter>
    </ClCompile>
    <ClCompile Include="..\shared\src\libz\gzlib.c">
      <Filter>Shared</Filter>
    </ClCompile>
    <ClCompile Include="..\shared\src\libz\gzread.c">
      <Filter>Shared</Filter>
    </ClCompile>
  </ItemGroup>
  <ItemGroup>
    <ClInclude Include="..\shared\inc\libz\crc32.h">
      <Filter>Shared</Filter>
    </ClInclude>
    <ClInclude Include="..\shared\inc\libz\deflate.h">
      <Filter>Shared</Filter>
    </ClInclude>
    <ClInclude Include="..\shared\inc\libz\inffast.h">
      <Filter>Shared</Filter>
    </ClInclude>
    <ClInclude Include="..\shared\inc\libz\inffixed.h">
      <Filter>Shared</Filter>
    </ClInclude>
    <ClInclude Include="..\shared\inc\libz\inflate.h">
      <Filter>Shared</Filter>
    </ClInclude>
    <ClInclude Include="..\shared\inc\libz\inftrees.h">
      <Filter>Shared</Filter>
    </ClInclude>
    <ClInclude Include="..\shared\inc\libz\trees.h">
      <Filter>Shared</Filter>
    </ClInclude>
    <ClInclude Include="..\shared\inc\libz\zconf.h">
      <Filter>Shared</Filter>
    </ClInclude>
    <ClInclude Include="..\shared\inc\libz\zlib.h">
      <Filter>Shared</Filter>
    </ClInclude>
    <ClInclude Include="..\shared\inc\libz\zutil.h">
      <Filter>Shared</Filter>
    </ClInclude>
    <ClInclude Include="..\shared\inc\libz\gzguts.h">
      <Filter>Shared</Filter>
    </ClInclude>
  </ItemGroup>
</Project>