Microsoft Visual Studio Solution File, Format Version 12.00
# Visual Studio 15
VisualStudioVersion = 15.0.27703.2018
MinimumVisualStudioVersion = 10.0.40219.1
Project("{2150E333-8FDC-42A3-9474-1A3956D46DE8}") = "engine", "engine", "{79BD4AF9-CB91-45BB-A2A1-2DEAA04AB491}"
EndProject
Project("{8BC9CEB8-8B4A-11D0-8D11-00A0C91BC942}") = "windows", "game\windows\windows.vcxproj", "{6F028302-B2A5-4CF5-B0C2-8FC2C7E66242}"
EndProject
Project("{8BC9CEB8-8B4A-11D0-8D11-00A0C91BC942}") = "shared", "game\shared\shared.vcxproj", "{4F843726-B2A4-4CC5-B018-0A43E16604AE}"
EndProject
Project("{8BC9CEB8-8B4A-11D0-8D11-00A0C91BC942}") = "tt_engine", "engine\windows\engine.vcxproj", "{F3685DA5-E627-4B5D-8A5C-A402760CA7A0}"
EndProject
Project("{8BC9CEB8-8B4A-11D0-8D11-00A0C91BC942}") = "tt_math", "engine\windows\math.vcxproj", "{47862621-ED56-4EB3-89DA-A58E3BB1D887}"
EndProject
Project("{8BC9CEB8-8B4A-11D0-8D11-00A0C91BC942}") = "tt_platform", "engine\windows\platform.vcxproj", "{3E384A71-8890-4162-9EF2-4EC33194C341}"
EndProject
Project("{8BC9CEB8-8B4A-11D0-8D11-00A0C91BC942}") = "tt_shared", "engine\windows\shared.vcxproj", "{29EE394D-B66E-41A5-94C5-FF92DB344814}"
EndProject
Project("{8BC9CEB8-8B4A-11D0-8D11-00A0C91BC942}") = "tt_sys", "engine\windows\sys.vcxproj", "{4F5BF3C7-D6C7-4983-9AB0-79B6CC4804A1}"
EndProject
Project("{2150E333-8FDC-42A3-9474-1A3956D46DE8}") = "external", "external", "{01F77584-DD58-414B-9B8F-AC2FCF6ADEBB}"
EndProject
Project("{8BC9CEB8-8B4A-11D0-8D11-00A0C91BC942}") = "json_cpp", "engine\windows\json_cpp.vcxproj", "{54FC860B-B030-4D74-B08A-7BC7107BF81B}"
EndProject
Project("{8BC9CEB8-8B4A-11D0-8D11-00A0C91BC942}") = "squirrel", "engine\windows\squirrel.vcxproj", "{F05F1F62-4404-4FEC-8BEE-89BFD208E521}"
EndProject
Project("{8BC9CEB8-8B4A-11D0-8D11-00A0C91BC942}") = "ogg", "engine\windows\ogg.vcxproj", "{77631A1D-370E-4DC1-81F5-D4F5BE91E151}"
EndProject
Project("{8BC9CEB8-8B4A-11D0-8D11-00A0C91BC942}") = "vorbis", "engine\windows\vorbis.vcxproj", "{57AB3FA2-3E02-4B17-9D2D-9F8CF5A1FCBC}"
EndProject
Project("{8BC9CEB8-8B4A-11D0-8D11-00A0C91BC942}") = "gwen", "engine\windows\gwen.vcxproj", "{5FF5843D-2B9A-4C51-B60D-425D18F0C451}"
EndProject
Project("{8BC9CEB8-8B4A-11D0-8D11-00A0C91BC942}") = "libpng", "engine\windows\libpng.vcxproj", "{F2E3A0C3-8B8B-4722-B744-5963503AC9D4}"
EndProject
Project("{8BC9CEB8-8B4A-11D0-8D11-00A0C91BC942}") = "libz", "engine\windows\libz.vcxproj", "{2FF607A6-16B7-418C-A563-615102750E3A}"
EndProject
Project("{8BC9CEB8-8B4A-11D0-8D11-00A0C91BC942}") = "unittestpp", "engine\windows\unittestpp.vcxproj", "{DCF00D8E-CE7D-448A-AECE-84C76F3FC295}"
EndProject
Project("{2150E333-8FDC-42A3-9474-1A3956D46DE8}") = "windows", "windows", "{E6DF7447-14AF-41A7-BD4C-01D0B1189283}"
EndProject
Project("{8BC9CEB8-8B4A-11D0-8D11-00A0C91BC942}") = "recastnavigation", "engine\windows\recastnavigation.vcxproj", "{E4743A51-5F4A-49ED-B72D-2FD28D5276AD}"
EndProject
Project("{8BC9CEB8-8B4A-11D0-8D11-00A0C91BC942}") = "visualboy", "engine\windows\visualboy.vcxproj", "{51589D6E-9497-4502-AA73-5F25BBA5C2FA}"
EndProject
Global
	GlobalSection(SolutionConfigurationPlatforms) = preSolution
		WIN_Dev|x64 = WIN_Dev|x64
		WIN_Final|x64 = WIN_Final|x64
		WIN_Test|x64 = WIN_Test|x64
	EndGlobalSection
	GlobalSection(ProjectConfigurationPlatforms) = postSolution
		{6F028302-B2A5-4CF5-B0C2-8FC2C7E66242}.WIN_Dev|x64.ActiveCfg = WIN_Dev|x64
		{6F028302-B2A5-4CF5-B0C2-8FC2C7E66242}.WIN_Dev|x64.Build.0 = WIN_Dev|x64
		{6F028302-B2A5-4CF5-B0C2-8FC2C7E66242}.WIN_Final|x64.ActiveCfg = WIN_Final|x64
		{6F028302-B2A5-4CF5-B0C2-8FC2C7E66242}.WIN_Final|x64.Build.0 = WIN_Final|x64
		{6F028302-B2A5-4CF5-B0C2-8FC2C7E66242}.WIN_Test|x64.ActiveCfg = WIN_Test|x64
		{6F028302-B2A5-4CF5-B0C2-8FC2C7E66242}.WIN_Test|x64.Build.0 = WIN_Test|x64
		{4F843726-B2A4-4CC5-B018-0A43E16604AE}.WIN_Dev|x64.ActiveCfg = WIN_Dev|x64
		{4F843726-B2A4-4CC5-B018-0A43E16604AE}.WIN_Dev|x64.Build.0 = WIN_Dev|x64
		{4F843726-B2A4-4CC5-B018-0A43E16604AE}.WIN_Final|x64.ActiveCfg = WIN_Final|x64
		{4F843726-B2A4-4CC5-B018-0A43E16604AE}.WIN_Final|x64.Build.0 = WIN_Final|x64
		{4F843726-B2A4-4CC5-B018-0A43E16604AE}.WIN_Test|x64.ActiveCfg = WIN_Test|x64
		{4F843726-B2A4-4CC5-B018-0A43E16604AE}.WIN_Test|x64.Build.0 = WIN_Test|x64
		{F3685DA5-E627-4B5D-8A5C-A402760CA7A0}.WIN_Dev|x64.ActiveCfg = WIN_Dev|x64
		{F3685DA5-E627-4B5D-8A5C-A402760CA7A0}.WIN_Dev|x64.Build.0 = WIN_Dev|x64
		{F3685DA5-E627-4B5D-8A5C-A402760CA7A0}.WIN_Final|x64.ActiveCfg = WIN_Final|x64
		{F3685DA5-E627-4B5D-8A5C-A402760CA7A0}.WIN_Final|x64.Build.0 = WIN_Final|x64
		{F3685DA5-E627-4B5D-8A5C-A402760CA7A0}.WIN_Test|x64.ActiveCfg = WIN_Test|x64
		{F3685DA5-E627-4B5D-8A5C-A402760CA7A0}.WIN_Test|x64.Build.0 = WIN_Test|x64
		{47862621-ED56-4EB3-89DA-A58E3BB1D887}.WIN_Dev|x64.ActiveCfg = WIN_Dev|x64
		{47862621-ED56-4EB3-89DA-A58E3BB1D887}.WIN_Dev|x64.Build.0 = WIN_Dev|x64
		{47862621-ED56-4EB3-89DA-A58E3BB1D887}.WIN_Final|x64.ActiveCfg = WIN_Final|x64
		{47862621-ED56-4EB3-89DA-A58E3BB1D887}.WIN_Final|x64.Build.0 = WIN_Final|x64
		{47862621-ED56-4EB3-89DA-A58E3BB1D887}.WIN_Test|x64.ActiveCfg = WIN_Test|x64
		{47862621-ED56-4EB3-89DA-A58E3BB1D887}.WIN_Test|x64.Build.0 = WIN_Test|x64
		{3E384A71-8890-4162-9EF2-4EC33194C341}.WIN_Dev|x64.ActiveCfg = WIN_Dev|x64
		{3E384A71-8890-4162-9EF2-4EC33194C341}.WIN_Dev|x64.Build.0 = WIN_Dev|x64
		{3E384A71-8890-4162-9EF2-4EC33194C341}.WIN_Final|x64.ActiveCfg = WIN_Final|x64
		{3E384A71-8890-4162-9EF2-4EC33194C341}.WIN_Final|x64.Build.0 = WIN_Final|x64
		{3E384A71-8890-4162-9EF2-4EC33194C341}.WIN_Test|x64.ActiveCfg = WIN_Test|x64
		{3E384A71-8890-4162-9EF2-4EC33194C341}.WIN_Test|x64.Build.0 = WIN_Test|x64
		{29EE394D-B66E-41A5-94C5-FF92DB344814}.WIN_Dev|x64.ActiveCfg = WIN_Dev|x64
		{29EE394D-B66E-41A5-94C5-FF92DB344814}.WIN_Dev|x64.Build.0 = WIN_Dev|x64
		{29EE394D-B66E-41A5-94C5-FF92DB344814}.WIN_Final|x64.ActiveCfg = WIN_Final|x64
		{29EE394D-B66E-41A5-94C5-FF92DB344814}.WIN_Final|x64.Build.0 = WIN_Final|x64
		{29EE394D-B66E-41A5-94C5-FF92DB344814}.WIN_Test|x64.ActiveCfg = WIN_Test|x64
		{29EE394D-B66E-41A5-94C5-FF92DB344814}.WIN_Test|x64.Build.0 = WIN_Test|x64
		{4F5BF3C7-D6C7-4983-9AB0-79B6CC4804A1}.WIN_Dev|x64.ActiveCfg = WIN_Dev|x64
		{4F5BF3C7-D6C7-4983-9AB0-79B6CC4804A1}.WIN_Dev|x64.Build.0 = WIN_Dev|x64
		{4F5BF3C7-D6C7-4983-9AB0-79B6CC4804A1}.WIN_Final|x64.ActiveCfg = WIN_Final|x64
		{4F5BF3C7-D6C7-4983-9AB0-79B6CC4804A1}.WIN_Final|x64.Build.0 = WIN_Final|x64
		{4F5BF3C7-D6C7-4983-9AB0-79B6CC4804A1}.WIN_Test|x64.ActiveCfg = WIN_Test|x64
		{4F5BF3C7-D6C7-4983-9AB0-79B6CC4804A1}.WIN_Test|x64.Build.0 = WIN_Test|x64
		{54FC860B-B030-4D74-B08A-7BC7107BF81B}.WIN_Dev|x64.ActiveCfg = WIN_Dev|x64
		{54FC860B-B030-4D74-B08A-7BC7107BF81B}.WIN_Dev|x64.Build.0 = WIN_Dev|x64
		{54FC860B-B030-4D74-B08A-7BC7107BF81B}.WIN_Final|x64.ActiveCfg = WIN_Final|x64
		{54FC860B-B030-4D74-B08A-7BC7107BF81B}.WIN_Final|x64.Build.0 = WIN_Final|x64
		{54FC860B-B030-4D74-B08A-7BC7107BF81B}.WIN_Test|x64.ActiveCfg = WIN_Test|x64
		{54FC860B-B030-4D74-B08A-7BC7107BF81B}.WIN_Test|x64.Build.0 = WIN_Test|x64
		{F05F1F62-4404-4FEC-8BEE-89BFD208E521}.WIN_Dev|x64.ActiveCfg = WIN_Dev|x64
		{F05F1F62-4404-4FEC-8BEE-89BFD208E521}.WIN_Dev|x64.Build.0 = WIN_Dev|x64
		{F05F1F62-4404-4FEC-8BEE-89BFD208E521}.WIN_Final|x64.ActiveCfg = WIN_Final|x64
		{F05F1F62-4404-4FEC-8BEE-89BFD208E521}.WIN_Final|x64.Build.0 = WIN_Final|x64
		{F05F1F62-4404-4FEC-8BEE-89BFD208E521}.WIN_Test|x64.ActiveCfg = WIN_Test|x64
		{F05F1F62-4404-4FEC-8BEE-89BFD208E521}.WIN_Test|x64.Build.0 = WIN_Test|x64
		{77631A1D-370E-4DC1-81F5-D4F5BE91E151}.WIN_Dev|x64.ActiveCfg = WIN_Dev|x64
		{77631A1D-370E-4DC1-81F5-D4F5BE91E151}.WIN_Dev|x64.Build.0 = WIN_Dev|x64
		{77631A1D-370E-4DC1-81F5-D4F5BE91E151}.WIN_Final|x64.ActiveCfg = WIN_Final|x64
		{77631A1D-370E-4DC1-81F5-D4F5BE91E151}.WIN_Final|x64.Build.0 = WIN_Final|x64
		{77631A1D-370E-4DC1-81F5-D4F5BE91E151}.WIN_Test|x64.ActiveCfg = WIN_Test|x64
		{77631A1D-370E-4DC1-81F5-D4F5BE91E151}.WIN_Test|x64.Build.0 = WIN_Test|x64
		{57AB3FA2-3E02-4B17-9D2D-9F8CF5A1FCBC}.WIN_Dev|x64.ActiveCfg = WIN_Dev|x64
		{57AB3FA2-3E02-4B17-9D2D-9F8CF5A1FCBC}.WIN_Dev|x64.Build.0 = WIN_Dev|x64
		{57AB3FA2-3E02-4B17-9D2D-9F8CF5A1FCBC}.WIN_Final|x64.ActiveCfg = WIN_Final|x64
		{57AB3FA2-3E02-4B17-9D2D-9F8CF5A1FCBC}.WIN_Final|x64.Build.0 = WIN_Final|x64
		{57AB3FA2-3E02-4B17-9D2D-9F8CF5A1FCBC}.WIN_Test|x64.ActiveCfg = WIN_Test|x64
		{57AB3FA2-3E02-4B17-9D2D-9F8CF5A1FCBC}.WIN_Test|x64.Build.0 = WIN_Test|x64
		{5FF5843D-2B9A-4C51-B60D-425D18F0C451}.WIN_Dev|x64.ActiveCfg = WIN_Dev|x64
		{5FF5843D-2B9A-4C51-B60D-425D18F0C451}.WIN_Dev|x64.Build.0 = WIN_Dev|x64
		{5FF5843D-2B9A-4C51-B60D-425D18F0C451}.WIN_Final|x64.ActiveCfg = WIN_Final|x64
		{5FF5843D-2B9A-4C51-B60D-425D18F0C451}.WIN_Final|x64.Build.0 = WIN_Final|x64
		{5FF5843D-2B9A-4C51-B60D-425D18F0C451}.WIN_Test|x64.ActiveCfg = WIN_Test|x64
		{5FF5843D-2B9A-4C51-B60D-425D18F0C451}.WIN_Test|x64.Build.0 = WIN_Test|x64
		{F2E3A0C3-8B8B-4722-B744-5963503AC9D4}.WIN_Dev|x64.ActiveCfg = WIN_Dev|x64
		{F2E3A0C3-8B8B-4722-B744-5963503AC9D4}.WIN_Dev|x64.Build.0 = WIN_Dev|x64
		{F2E3A0C3-8B8B-4722-B744-5963503AC9D4}.WIN_Final|x64.ActiveCfg = WIN_Final|x64
		{F2E3A0C3-8B8B-4722-B744-5963503AC9D4}.WIN_Final|x64.Build.0 = WIN_Final|x64
		{F2E3A0C3-8B8B-4722-B744-5963503AC9D4}.WIN_Test|x64.ActiveCfg = WIN_Test|x64
		{F2E3A0C3-8B8B-4722-B744-5963503AC9D4}.WIN_Test|x64.Build.0 = WIN_Test|x64
		{2FF607A6-16B7-418C-A563-615102750E3A}.WIN_Dev|x64.ActiveCfg = WIN_Dev|x64
		{2FF607A6-16B7-418C-A563-615102750E3A}.WIN_Dev|x64.Build.0 = WIN_Dev|x64
		{2FF607A6-16B7-418C-A563-615102750E3A}.WIN_Final|x64.ActiveCfg = WIN_Final|x64
		{2FF607A6-16B7-418C-A563-615102750E3A}.WIN_Final|x64.Build.0 = WIN_Final|x64
		{2FF607A6-16B7-418C-A563-615102750E3A}.WIN_Test|x64.ActiveCfg = WIN_Test|x64
		{2FF607A6-16B7-418C-A563-615102750E3A}.WIN_Test|x64.Build.0 = WIN_Test|x64
		{DCF00D8E-CE7D-448A-AECE-84C76F3FC295}.WIN_Dev|x64.ActiveCfg = WIN_Dev|x64
		{DCF00D8E-CE7D-448A-AECE-84C76F3FC295}.WIN_Dev|x64.Build.0 = WIN_Dev|x64
		{DCF00D8E-CE7D-448A-AECE-84C76F3FC295}.WIN_Final|x64.ActiveCfg = WIN_Final|x64
		{DCF00D8E-CE7D-448A-AECE-84C76F3FC295}.WIN_Final|x64.Build.0 = WIN_Final|x64
		{DCF00D8E-CE7D-448A-AECE-84C76F3FC295}.WIN_Test|x64.ActiveCfg = WIN_Test|x64
		{DCF00D8E-CE7D-448A-AECE-84C76F3FC295}.WIN_Test|x64.Build.0 = WIN_Test|x64
		{E4743A51-5F4A-49ED-B72D-2FD28D5276AD}.WIN_Dev|x64.ActiveCfg = WIN_Dev|x64
		{E4743A51-5F4A-49ED-B72D-2FD28D5276AD}.WIN_Dev|x64.Build.0 = WIN_Dev|x64
		{E4743A51-5F4A-49ED-B72D-2FD28D5276AD}.WIN_Final|x64.ActiveCfg = WIN_Final|x64
		{E4743A51-5F4A-49ED-B72D-2FD28D5276AD}.WIN_Final|x64.Build.0 = WIN_Final|x64
		{E4743A51-5F4A-49ED-B72D-2FD28D5276AD}.WIN_Test|x64.ActiveCfg = WIN_Test|x64
		{E4743A51-5F4A-49ED-B72D-2FD28D5276AD}.WIN_Test|x64.Build.0 = WIN_Test|x64
		{57C47CDD-18A7-42A9-9B34-85ED4232D6E8}.WIN_Dev|x64.ActiveCfg = WIN_Dev|x64
		{57C47CDD-18A7-42A9-9B34-85ED4232D6E8}.WIN_Final|x64.ActiveCfg = WIN_Test|x64
		{57C47CDD-18A7-42A9-9B34-85ED4232D6E8}.WIN_Final|x64.Build.0 = WIN_Test|x64
		{57C47CDD-18A7-42A9-9B34-85ED4232D6E8}.WIN_Test|x64.ActiveCfg = WIN_Test|x64
		{51589D6E-9497-4502-AA73-5F25BBA5C2FA}.WIN_Dev|x64.ActiveCfg = WIN_Dev|x64
		{51589D6E-9497-4502-AA73-5F25BBA5C2FA}.WIN_Dev|x64.Build.0 = WIN_Dev|x64
		{51589D6E-9497-4502-AA73-5F25BBA5C2FA}.WIN_Final|x64.ActiveCfg = WIN_Final|x64
		{51589D6E-9497-4502-AA73-5F25BBA5C2FA}.WIN_Final|x64.Build.0 = WIN_Final|x64
		{51589D6E-9497-4502-AA73-5F25BBA5C2FA}.WIN_Test|x64.ActiveCfg = WIN_Test|x64
		{51589D6E-9497-4502-AA73-5F25BBA5C2FA}.WIN_Test|x64.Build.0 = WIN_Test|x64
	EndGlobalSection
	GlobalSection(SolutionProperties) = preSolution
		HideSolutionNode = FALSE
	EndGlobalSection
	GlobalSection(NestedProjects) = preSolution
		{F3685DA5-E627-4B5D-8A5C-A402760CA7A0} = {E6DF7447-14AF-41A7-BD4C-01D0B1189283}
		{47862621-ED56-4EB3-89DA-A58E3BB1D887} = {E6DF7447-14AF-41A7-BD4C-01D0B1189283}
		{3E384A71-8890-4162-9EF2-4EC33194C341} = {E6DF7447-14AF-41A7-BD4C-01D0B1189283}
		{29EE394D-B66E-41A5-94C5-FF92DB344814} = {E6DF7447-14AF-41A7-BD4C-01D0B1189283}
		{4F5BF3C7-D6C7-4983-9AB0-79B6CC4804A1} = {E6DF7447-14AF-41A7-BD4C-01D0B1189283}
		{01F77584-DD58-414B-9B8F-AC2FCF6ADEBB} = {E6DF7447-14AF-41A7-BD4C-01D0B1189283}
		{54FC860B-B030-4D74-B08A-7BC7107BF81B} = {01F77584-DD58-414B-9B8F-AC2FCF6ADEBB}
		{F05F1F62-4404-4FEC-8BEE-89BFD208E521} = {01F77584-DD58-414B-9B8F-AC2FCF6ADEBB}
		{77631A1D-370E-4DC1-81F5-D4F5BE91E151} = {01F77584-DD58-414B-9B8F-AC2FCF6ADEBB}
		{57AB3FA2-3E02-4B17-9D2D-9F8CF5A1FCBC} = {01F77584-DD58-414B-9B8F-AC2FCF6ADEBB}
		{5FF5843D-2B9A-4C51-B60D-425D18F0C451} = {01F77584-DD58-414B-9B8F-AC2FCF6ADEBB}
		{F2E3A0C3-8B8B-4722-B744-5963503AC9D4} = {01F77584-DD58-414B-9B8F-AC2FCF6ADEBB}
		{2FF607A6-16B7-418C-A563-615102750E3A} = {01F77584-DD58-414B-9B8F-AC2FCF6ADEBB}
		{DCF00D8E-CE7D-448A-AECE-84C76F3FC295} = {01F77584-DD58-414B-9B8F-AC2FCF6ADEBB}
		{E6DF7447-14AF-41A7-BD4C-01D0B1189283} = {79BD4AF9-CB91-45BB-A2A1-2DEAA04AB491}
		{E4743A51-5F4A-49ED-B72D-2FD28D5276AD} = {01F77584-DD58-414B-9B8F-AC2FCF6ADEBB}
		{57C47CDD-18A7-42A9-9B34-85ED4232D6E8} = {E6DF7447-14AF-41A7-BD4C-01D0B1189283}
		{51589D6E-9497-4502-AA73-5F25BBA5C2FA} = {01F77584-DD58-414B-9B8F-AC2FCF6ADEBB}
	EndGlobalSection
	GlobalSection(ExtensibilityGlobals) = postSolution
		SolutionGuid = {9BF517AD-60B8-4EF7-9EB7-CB5BFE4BF3B6}
	EndGlobalSection
EndGlobal
